// !$*UTF8*$!
{
	archiveVersion = 1;
	classes = {
	};
	objectVersion = 53;
	objects = {

/* Begin PBXBuildFile section */
		863A21422848FAAC0097FB73 /* CoreBluetooth.framework in Frameworks */ = {isa = PBXBuildFile; fileRef = 863A21412848FAAC0097FB73 /* CoreBluetooth.framework */; };
		863A21442848FAB20097FB73 /* ExternalAccessory.framework in Frameworks */ = {isa = PBXBuildFile; fileRef = 863A21432848FAB20097FB73 /* ExternalAccessory.framework */; };
		867CFCE228481B730035E666 /* AppDelegate.swift in Sources */ = {isa = PBXBuildFile; fileRef = 867CFCE128481B730035E666 /* AppDelegate.swift */; };
		867CFCE428481B730035E666 /* SceneDelegate.swift in Sources */ = {isa = PBXBuildFile; fileRef = 867CFCE328481B730035E666 /* SceneDelegate.swift */; };
		867CFCE628481B730035E666 /* ViewController.swift in Sources */ = {isa = PBXBuildFile; fileRef = 867CFCE528481B730035E666 /* ViewController.swift */; };
		867CFCEB28481B750035E666 /* Assets.xcassets in Resources */ = {isa = PBXBuildFile; fileRef = 867CFCEA28481B750035E666 /* Assets.xcassets */; };
		867CFCEE28481B750035E666 /* LaunchScreen.storyboard in Resources */ = {isa = PBXBuildFile; fileRef = 867CFCEC28481B750035E666 /* LaunchScreen.storyboard */; };
		8682509028490CD600F8CA3A /* libsymbolbt-sdk.a in Frameworks */ = {isa = PBXBuildFile; fileRef = 8682508F28490CD600F8CA3A /* libsymbolbt-sdk.a */; };
		8682509228490ED500F8CA3A /* libz.tbd in Frameworks */ = {isa = PBXBuildFile; fileRef = 8682509128490ED500F8CA3A /* libz.tbd */; };
/* End PBXBuildFile section */

/* Begin PBXFileReference section */
		863A212E2848F36B0097FB73 /* ZebraRS5100-Bridging-Header.h */ = {isa = PBXFileReference; lastKnownFileType = sourcecode.c.h; path = "ZebraRS5100-Bridging-Header.h"; sourceTree = "<group>"; };
		863A21412848FAAC0097FB73 /* CoreBluetooth.framework */ = {isa = PBXFileReference; lastKnownFileType = wrapper.framework; name = CoreBluetooth.framework; path = System/Library/Frameworks/CoreBluetooth.framework; sourceTree = SDKROOT; };
		863A21432848FAB20097FB73 /* ExternalAccessory.framework */ = {isa = PBXFileReference; lastKnownFileType = wrapper.framework; name = ExternalAccessory.framework; path = System/Library/Frameworks/ExternalAccessory.framework; sourceTree = SDKROOT; };
		867CFCDE28481B730035E666 /* ZebraRS5100.app */ = {isa = PBXFileReference; explicitFileType = wrapper.application; includeInIndex = 0; path = ZebraRS5100.app; sourceTree = BUILT_PRODUCTS_DIR; };
		867CFCE128481B730035E666 /* AppDelegate.swift */ = {isa = PBXFileReference; lastKnownFileType = sourcecode.swift; path = AppDelegate.swift; sourceTree = "<group>"; };
		867CFCE328481B730035E666 /* SceneDelegate.swift */ = {isa = PBXFileReference; lastKnownFileType = sourcecode.swift; path = SceneDelegate.swift; sourceTree = "<group>"; };
		867CFCE528481B730035E666 /* ViewController.swift */ = {isa = PBXFileReference; lastKnownFileType = sourcecode.swift; path = ViewController.swift; sourceTree = "<group>"; };
		867CFCEA28481B750035E666 /* Assets.xcassets */ = {isa = PBXFileReference; lastKnownFileType = folder.assetcatalog; path = Assets.xcassets; sourceTree = "<group>"; };
		867CFCED28481B750035E666 /* Base */ = {isa = PBXFileReference; lastKnownFileType = file.storyboard; name = Base; path = Base.lproj/LaunchScreen.storyboard; sourceTree = "<group>"; };
		867CFCEF28481B750035E666 /* Info.plist */ = {isa = PBXFileReference; lastKnownFileType = text.plist.xml; path = Info.plist; sourceTree = "<group>"; };
		8682508F28490CD600F8CA3A /* libsymbolbt-sdk.a */ = {isa = PBXFileReference; lastKnownFileType = archive.ar; name = "libsymbolbt-sdk.a"; path = "symbolbt-sdk/libsymbolbt-sdk.a"; sourceTree = "<group>"; };
		8682509128490ED500F8CA3A /* libz.tbd */ = {isa = PBXFileReference; lastKnownFileType = "sourcecode.text-based-dylib-definition"; name = libz.tbd; path = usr/lib/libz.tbd; sourceTree = SDKROOT; };
/* End PBXFileReference section */

/* Begin PBXFrameworksBuildPhase section */
		867CFCDB28481B730035E666 /* Frameworks */ = {
			isa = PBXFrameworksBuildPhase;
			buildActionMask = 2147483647;
			files = (
				8682509228490ED500F8CA3A /* libz.tbd in Frameworks */,
				8682509028490CD600F8CA3A /* libsymbolbt-sdk.a in Frameworks */,
				863A21442848FAB20097FB73 /* ExternalAccessory.framework in Frameworks */,
				863A21422848FAAC0097FB73 /* CoreBluetooth.framework in Frameworks */,
			);
			runOnlyForDeploymentPostprocessing = 0;
		};
/* End PBXFrameworksBuildPhase section */

/* Begin PBXGroup section */
		863A212F2848F5F40097FB73 /* Helpers */ = {
			isa = PBXGroup;
			children = (
				863A212E2848F36B0097FB73 /* ZebraRS5100-Bridging-Header.h */,
			);
			path = Helpers;
			sourceTree = "<group>";
		};
		863A21402848FAAC0097FB73 /* Frameworks */ = {
			isa = PBXGroup;
			children = (
				8682509128490ED500F8CA3A /* libz.tbd */,
				8682508F28490CD600F8CA3A /* libsymbolbt-sdk.a */,
				863A21432848FAB20097FB73 /* ExternalAccessory.framework */,
				863A21412848FAAC0097FB73 /* CoreBluetooth.framework */,
			);
			name = Frameworks;
			sourceTree = "<group>";
		};
		867CFCD528481B730035E666 = {
			isa = PBXGroup;
			children = (
				867CFCE028481B730035E666 /* ZebraRS5100 */,
				867CFCDF28481B730035E666 /* Products */,
				863A21402848FAAC0097FB73 /* Frameworks */,
			);
			sourceTree = "<group>";
		};
		867CFCDF28481B730035E666 /* Products */ = {
			isa = PBXGroup;
			children = (
				867CFCDE28481B730035E666 /* ZebraRS5100.app */,
			);
			name = Products;
			sourceTree = "<group>";
		};
		867CFCE028481B730035E666 /* ZebraRS5100 */ = {
			isa = PBXGroup;
			children = (
				863A212F2848F5F40097FB73 /* Helpers */,
				867CFCE128481B730035E666 /* AppDelegate.swift */,
				867CFCE328481B730035E666 /* SceneDelegate.swift */,
				867CFCE528481B730035E666 /* ViewController.swift */,
				867CFCEA28481B750035E666 /* Assets.xcassets */,
				867CFCEC28481B750035E666 /* LaunchScreen.storyboard */,
				867CFCEF28481B750035E666 /* Info.plist */,
			);
			path = ZebraRS5100;
			sourceTree = "<group>";
		};
/* End PBXGroup section */

/* Begin PBXNativeTarget section */
		867CFCDD28481B730035E666 /* ZebraRS5100 */ = {
			isa = PBXNativeTarget;
			buildConfigurationList = 867CFCF228481B750035E666 /* Build configuration list for PBXNativeTarget "ZebraRS5100" */;
			buildPhases = (
				867CFCDA28481B730035E666 /* Sources */,
				867CFCDB28481B730035E666 /* Frameworks */,
				867CFCDC28481B730035E666 /* Resources */,
			);
			buildRules = (
			);
			dependencies = (
			);
			name = ZebraRS5100;
			productName = ZebraRS5100;
			productReference = 867CFCDE28481B730035E666 /* ZebraRS5100.app */;
			productType = "com.apple.product-type.application";
		};
/* End PBXNativeTarget section */

/* Begin PBXProject section */
		867CFCD628481B730035E666 /* Project object */ = {
			isa = PBXProject;
			attributes = {
				BuildIndependentTargetsInParallel = 1;
				LastSwiftUpdateCheck = 1340;
				LastUpgradeCheck = 1340;
				TargetAttributes = {
					867CFCDD28481B730035E666 = {
						CreatedOnToolsVersion = 13.4;
					};
				};
			};
			buildConfigurationList = 867CFCD928481B730035E666 /* Build configuration list for PBXProject "ZebraRS5100" */;
			compatibilityVersion = "Xcode 11.0";
			developmentRegion = en;
			hasScannedForEncodings = 0;
			knownRegions = (
				en,
				Base,
			);
			mainGroup = 867CFCD528481B730035E666;
			productRefGroup = 867CFCDF28481B730035E666 /* Products */;
			projectDirPath = "";
			projectRoot = "";
			targets = (
				867CFCDD28481B730035E666 /* ZebraRS5100 */,
			);
		};
/* End PBXProject section */

/* Begin PBXResourcesBuildPhase section */
		867CFCDC28481B730035E666 /* Resources */ = {
			isa = PBXResourcesBuildPhase;
			buildActionMask = 2147483647;
			files = (
				867CFCEE28481B750035E666 /* LaunchScreen.storyboard in Resources */,
				867CFCEB28481B750035E666 /* Assets.xcassets in Resources */,
			);
			runOnlyForDeploymentPostprocessing = 0;
		};
/* End PBXResourcesBuildPhase section */

/* Begin PBXSourcesBuildPhase section */
		867CFCDA28481B730035E666 /* Sources */ = {
			isa = PBXSourcesBuildPhase;
			buildActionMask = 2147483647;
			files = (
				867CFCE628481B730035E666 /* ViewController.swift in Sources */,
				867CFCE228481B730035E666 /* AppDelegate.swift in Sources */,
				867CFCE428481B730035E666 /* SceneDelegate.swift in Sources */,
			);
			runOnlyForDeploymentPostprocessing = 0;
		};
/* End PBXSourcesBuildPhase section */

/* Begin PBXVariantGroup section */
		867CFCEC28481B750035E666 /* LaunchScreen.storyboard */ = {
			isa = PBXVariantGroup;
			children = (
				867CFCED28481B750035E666 /* Base */,
			);
			name = LaunchScreen.storyboard;
			sourceTree = "<group>";
		};
/* End PBXVariantGroup section */

/* Begin XCBuildConfiguration section */
		867CFCF028481B750035E666 /* Debug */ = {
			isa = XCBuildConfiguration;
			buildSettings = {
				ALWAYS_SEARCH_USER_PATHS = NO;
				CLANG_ANALYZER_NONNULL = YES;
				CLANG_ANALYZER_NUMBER_OBJECT_CONVERSION = YES_AGGRESSIVE;
				CLANG_CXX_LANGUAGE_STANDARD = "gnu++17";
				CLANG_ENABLE_MODULES = YES;
				CLANG_ENABLE_OBJC_ARC = YES;
				CLANG_ENABLE_OBJC_WEAK = YES;
				CLANG_WARN_BLOCK_CAPTURE_AUTORELEASING = YES;
				CLANG_WARN_BOOL_CONVERSION = YES;
				CLANG_WARN_COMMA = YES;
				CLANG_WARN_CONSTANT_CONVERSION = YES;
				CLANG_WARN_DEPRECATED_OBJC_IMPLEMENTATIONS = YES;
				CLANG_WARN_DIRECT_OBJC_ISA_USAGE = YES_ERROR;
				CLANG_WARN_DOCUMENTATION_COMMENTS = YES;
				CLANG_WARN_EMPTY_BODY = YES;
				CLANG_WARN_ENUM_CONVERSION = YES;
				CLANG_WARN_INFINITE_RECURSION = YES;
				CLANG_WARN_INT_CONVERSION = YES;
				CLANG_WARN_NON_LITERAL_NULL_CONVERSION = YES;
				CLANG_WARN_OBJC_IMPLICIT_RETAIN_SELF = YES;
				CLANG_WARN_OBJC_LITERAL_CONVERSION = YES;
				CLANG_WARN_OBJC_ROOT_CLASS = YES_ERROR;
				CLANG_WARN_QUOTED_INCLUDE_IN_FRAMEWORK_HEADER = YES;
				CLANG_WARN_RANGE_LOOP_ANALYSIS = YES;
				CLANG_WARN_STRICT_PROTOTYPES = YES;
				CLANG_WARN_SUSPICIOUS_MOVE = YES;
				CLANG_WARN_UNGUARDED_AVAILABILITY = YES_AGGRESSIVE;
				CLANG_WARN_UNREACHABLE_CODE = YES;
				CLANG_WARN__DUPLICATE_METHOD_MATCH = YES;
				COPY_PHASE_STRIP = NO;
				DEBUG_INFORMATION_FORMAT = dwarf;
				ENABLE_STRICT_OBJC_MSGSEND = YES;
				ENABLE_TESTABILITY = YES;
				GCC_C_LANGUAGE_STANDARD = gnu11;
				GCC_DYNAMIC_NO_PIC = NO;
				GCC_NO_COMMON_BLOCKS = YES;
				GCC_OPTIMIZATION_LEVEL = 0;
				GCC_PREPROCESSOR_DEFINITIONS = (
					"DEBUG=1",
					"$(inherited)",
				);
				GCC_WARN_64_TO_32_BIT_CONVERSION = YES;
				GCC_WARN_ABOUT_RETURN_TYPE = YES_ERROR;
				GCC_WARN_UNDECLARED_SELECTOR = YES;
				GCC_WARN_UNINITIALIZED_AUTOS = YES_AGGRESSIVE;
				GCC_WARN_UNUSED_FUNCTION = YES;
				GCC_WARN_UNUSED_VARIABLE = YES;
				IPHONEOS_DEPLOYMENT_TARGET = 15.5;
				MTL_ENABLE_DEBUG_INFO = INCLUDE_SOURCE;
				MTL_FAST_MATH = YES;
				ONLY_ACTIVE_ARCH = YES;
				SDKROOT = iphoneos;
				SWIFT_ACTIVE_COMPILATION_CONDITIONS = DEBUG;
				SWIFT_OPTIMIZATION_LEVEL = "-Onone";
			};
			name = Debug;
		};
		867CFCF128481B750035E666 /* Release */ = {
			isa = XCBuildConfiguration;
			buildSettings = {
				ALWAYS_SEARCH_USER_PATHS = NO;
				CLANG_ANALYZER_NONNULL = YES;
				CLANG_ANALYZER_NUMBER_OBJECT_CONVERSION = YES_AGGRESSIVE;
				CLANG_CXX_LANGUAGE_STANDARD = "gnu++17";
				CLANG_ENABLE_MODULES = YES;
				CLANG_ENABLE_OBJC_ARC = YES;
				CLANG_ENABLE_OBJC_WEAK = YES;
				CLANG_WARN_BLOCK_CAPTURE_AUTORELEASING = YES;
				CLANG_WARN_BOOL_CONVERSION = YES;
				CLANG_WARN_COMMA = YES;
				CLANG_WARN_CONSTANT_CONVERSION = YES;
				CLANG_WARN_DEPRECATED_OBJC_IMPLEMENTATIONS = YES;
				CLANG_WARN_DIRECT_OBJC_ISA_USAGE = YES_ERROR;
				CLANG_WARN_DOCUMENTATION_COMMENTS = YES;
				CLANG_WARN_EMPTY_BODY = YES;
				CLANG_WARN_ENUM_CONVERSION = YES;
				CLANG_WARN_INFINITE_RECURSION = YES;
				CLANG_WARN_INT_CONVERSION = YES;
				CLANG_WARN_NON_LITERAL_NULL_CONVERSION = YES;
				CLANG_WARN_OBJC_IMPLICIT_RETAIN_SELF = YES;
				CLANG_WARN_OBJC_LITERAL_CONVERSION = YES;
				CLANG_WARN_OBJC_ROOT_CLASS = YES_ERROR;
				CLANG_WARN_QUOTED_INCLUDE_IN_FRAMEWORK_HEADER = YES;
				CLANG_WARN_RANGE_LOOP_ANALYSIS = YES;
				CLANG_WARN_STRICT_PROTOTYPES = YES;
				CLANG_WARN_SUSPICIOUS_MOVE = YES;
				CLANG_WARN_UNGUARDED_AVAILABILITY = YES_AGGRESSIVE;
				CLANG_WARN_UNREACHABLE_CODE = YES;
				CLANG_WARN__DUPLICATE_METHOD_MATCH = YES;
				COPY_PHASE_STRIP = NO;
				DEBUG_INFORMATION_FORMAT = "dwarf-with-dsym";
				ENABLE_NS_ASSERTIONS = NO;
				ENABLE_STRICT_OBJC_MSGSEND = YES;
				GCC_C_LANGUAGE_STANDARD = gnu11;
				GCC_NO_COMMON_BLOCKS = YES;
				GCC_WARN_64_TO_32_BIT_CONVERSION = YES;
				GCC_WARN_ABOUT_RETURN_TYPE = YES_ERROR;
				GCC_WARN_UNDECLARED_SELECTOR = YES;
				GCC_WARN_UNINITIALIZED_AUTOS = YES_AGGRESSIVE;
				GCC_WARN_UNUSED_FUNCTION = YES;
				GCC_WARN_UNUSED_VARIABLE = YES;
				IPHONEOS_DEPLOYMENT_TARGET = 15.5;
				MTL_ENABLE_DEBUG_INFO = NO;
				MTL_FAST_MATH = YES;
				SDKROOT = iphoneos;
				SWIFT_COMPILATION_MODE = wholemodule;
				SWIFT_OPTIMIZATION_LEVEL = "-O";
				VALIDATE_PRODUCT = YES;
			};
			name = Release;
		};
		867CFCF328481B750035E666 /* Debug */ = {
			isa = XCBuildConfiguration;
			buildSettings = {
				ASSETCATALOG_COMPILER_APPICON_NAME = AppIcon;
				ASSETCATALOG_COMPILER_GLOBAL_ACCENT_COLOR_NAME = AccentColor;
				CODE_SIGN_STYLE = Automatic;
				CURRENT_PROJECT_VERSION = 1;
				DEVELOPMENT_TEAM = D27X6VQP35;
				GENERATE_INFOPLIST_FILE = YES;
				INFOPLIST_FILE = ZebraRS5100/Info.plist;
				INFOPLIST_KEY_NSBluetoothAlwaysUsageDescription = "Bluetooth is required to find, connect and communicate with nearby Zebra devices. ";
				INFOPLIST_KEY_NSBluetoothPeripheralUsageDescription = "Bluetooth is required to find, connect and communicate with nearby Zebra devices. ";
				INFOPLIST_KEY_UIApplicationSupportsIndirectInputEvents = YES;
				INFOPLIST_KEY_UILaunchStoryboardName = LaunchScreen;
				INFOPLIST_KEY_UISupportedInterfaceOrientations = UIInterfaceOrientationPortrait;
				INFOPLIST_KEY_UISupportedInterfaceOrientations_iPhone = UIInterfaceOrientationPortrait;
				IPHONEOS_DEPLOYMENT_TARGET = 13.0;
				LD_RUNPATH_SEARCH_PATHS = (
					"$(inherited)",
					"@executable_path/Frameworks",
				);
				LIBRARY_SEARCH_PATHS = "$(PROJECT_DIR)/symbolbt-sdk";
				MARKETING_VERSION = 1.0;
				PRODUCT_BUNDLE_IDENTIFIER = co.jdocampom.ZebraRS5100;
				PRODUCT_NAME = "$(TARGET_NAME)";
				SWIFT_EMIT_LOC_STRINGS = YES;
				SWIFT_OBJC_BRIDGING_HEADER = "/Users/juandiegoocampo/Developer/ZebraRS5100/ZebraRS5100/Helpers/ZebraRS5100-Bridging-Header.h";
				SWIFT_PRECOMPILE_BRIDGING_HEADER = YES;
				SWIFT_VERSION = 5.0;
				TARGETED_DEVICE_FAMILY = 1;
				USER_HEADER_SEARCH_PATHS = "$(SRCROOT)/symbolbt-sdk/include/";
			};
			name = Debug;
		};
		867CFCF428481B750035E666 /* Release */ = {
			isa = XCBuildConfiguration;
			buildSettings = {
				ASSETCATALOG_COMPILER_APPICON_NAME = AppIcon;
				ASSETCATALOG_COMPILER_GLOBAL_ACCENT_COLOR_NAME = AccentColor;
				CODE_SIGN_STYLE = Automatic;
				CURRENT_PROJECT_VERSION = 1;
				DEVELOPMENT_TEAM = D27X6VQP35;
				GENERATE_INFOPLIST_FILE = YES;
				INFOPLIST_FILE = ZebraRS5100/Info.plist;
				INFOPLIST_KEY_NSBluetoothAlwaysUsageDescription = "Bluetooth is required to find, connect and communicate with nearby Zebra devices. ";
				INFOPLIST_KEY_NSBluetoothPeripheralUsageDescription = "Bluetooth is required to find, connect and communicate with nearby Zebra devices. ";
				INFOPLIST_KEY_UIApplicationSupportsIndirectInputEvents = YES;
				INFOPLIST_KEY_UILaunchStoryboardName = LaunchScreen;
				INFOPLIST_KEY_UISupportedInterfaceOrientations = UIInterfaceOrientationPortrait;
				INFOPLIST_KEY_UISupportedInterfaceOrientations_iPhone = UIInterfaceOrientationPortrait;
				IPHONEOS_DEPLOYMENT_TARGET = 13.0;
				LD_RUNPATH_SEARCH_PATHS = (
					"$(inherited)",
					"@executable_path/Frameworks",
				);
				LIBRARY_SEARCH_PATHS = "$(PROJECT_DIR)/symbolbt-sdk";
				MARKETING_VERSION = 1.0;
				PRODUCT_BUNDLE_IDENTIFIER = co.jdocampom.ZebraRS5100;
				PRODUCT_NAME = "$(TARGET_NAME)";
				SWIFT_EMIT_LOC_STRINGS = YES;
				SWIFT_OBJC_BRIDGING_HEADER = "/Users/juandiegoocampo/Developer/ZebraRS5100/ZebraRS5100/Helpers/ZebraRS5100-Bridging-Header.h";
				SWIFT_PRECOMPILE_BRIDGING_HEADER = YES;
				SWIFT_VERSION = 5.0;
				TARGETED_DEVICE_FAMILY = 1;
				USER_HEADER_SEARCH_PATHS = "$(SRCROOT)/symbolbt-sdk/include/";
			};
			name = Release;
		};
/* End XCBuildConfiguration section */

/* Begin XCConfigurationList section */
		867CFCD928481B730035E666 /* Build configuration list for PBXProject "ZebraRS5100" */ = {
			isa = XCConfigurationList;
			buildConfigurations = (
				867CFCF028481B750035E666 /* Debug */,
				867CFCF128481B750035E666 /* Release */,
			);
			defaultConfigurationIsVisible = 0;
			defaultConfigurationName = Release;
		};
		867CFCF228481B750035E666 /* Build configuration list for PBXNativeTarget "ZebraRS5100" */ = {
			isa = XCConfigurationList;
			buildConfigurations = (
				867CFCF328481B750035E666 /* Debug */,
				867CFCF428481B750035E666 /* Release */,
			);
			defaultConfigurationIsVisible = 0;
			defaultConfigurationName = Release;
		};
/* End XCConfigurationList section */
	};
	rootObject = 867CFCD628481B730035E666 /* Project object */;
}
